{
  "name": "hantry-js-react",
  "version": "0.1.58",
  "lockfileVersion": 2,
  "requires": true,
  "packages": {
    "": {
      "name": "hantry-js-react",
      "version": "0.1.58",
      "license": "ISC",
      "dependencies": {
        "lodash": "^4.17.21"
      }
    },
    "../core": {
      "name": "hantry-js-core",
      "version": "0.1.55",
      "extraneous": true,
      "license": "ISC",
      "dependencies": {
        "hantry-js-utils": "^0.1.55"
      }
    },
    "../utils": {
      "name": "hantry-js-utils",
      "version": "0.1.55",
      "extraneous": true,
      "license": "ISC",
      "dependencies": {
        "axios": "^0.27.2",
        "error-stack-parser": "^2.1.4",
        "ua-parser-js": "^1.0.2"
      }
    },
    "node_modules/lodash": {
      "version": "4.17.21",
      "resolved": "https://registry.npmjs.org/lodash/-/lodash-4.17.21.tgz",
      "integrity": "sha512-v2kDEe57lecTulaDIuNTPy3Ry4gLGJ6Z1O3vE1krgXZNrsQ+LFTGHVxVjcXPs17LhbZVGedAJv8XZ1tvj5FvSg=="
    }
  },
  "dependencies": {
    "lodash": {
      "version": "4.17.21",
      "resolved": "https://registry.npmjs.org/lodash/-/lodash-4.17.21.tgz",
      "integrity": "sha512-v2kDEe57lecTulaDIuNTPy3Ry4gLGJ6Z1O3vE1krgXZNrsQ+LFTGHVxVjcXPs17LhbZVGedAJv8XZ1tvj5FvSg=="
    }
  }
}
